# This file is autogenerated, do not edit; changes may be undone by the next 'dep ensure'.


[[projects]]
  branch = "master"
  name = "github.com/globalsign/mgo"
  packages = [
    ".",
    "bson",
    "internal/json",
    "internal/sasl",
    "internal/scram"
  ]
  revision = "efe0945164a7e582241f37ae8983c075f8f2e870"

[solve-meta]
  analyzer-name = "dep"
  analyzer-version = 1
  inputs-digest = "7304bdb9181b200c2a1d9dae3edda0d9ea4542bf0f034b1b532ce97b61d32a59"
  solver-name = "gps-cdcl"
  solver-version = 1
